
Microsoft Visual Studio Solution File, Format Version 12.00
# Visual Studio 2012
Project("{FAE04EC0-301F-11D3-BF4B-00C04F79EFBC}") = "OrigoDB.Modules.Protobuf", "OrigoDB.Modules.Protobuf\OrigoDB.Modules.Protobuf.csproj", "{7F7DF2EC-4C24-47EC-BC5B-B153816C8E34}"
EndProject
Project("{FAE04EC0-301F-11D3-BF4B-00C04F79EFBC}") = "OrigoDB.Modules.ProtoBuf.Test", "OrigoDB.Modules.Protobuf.Test\OrigoDB.Modules.ProtoBuf.Test.csproj", "{200EF910-EE84-46C2-B656-DDDD46EC309A}"
EndProject
Global
	GlobalSection(SolutionConfigurationPlatforms) = preSolution
		Debug|Any CPU = Debug|Any CPU
		Release|Any CPU = Release|Any CPU
	EndGlobalSection
	GlobalSection(ProjectConfigurationPlatforms) = postSolution
		{7F7DF2EC-4C24-47EC-BC5B-B153816C8E34}.Debug|Any CPU.ActiveCfg = Debug|Any CPU
		{7F7DF2EC-4C24-47EC-BC5B-B153816C8E34}.Debug|Any CPU.Build.0 = Debug|Any CPU
		{7F7DF2EC-4C24-47EC-BC5B-B153816C8E34}.Release|Any CPU.ActiveCfg = Release|Any CPU
		{7F7DF2EC-4C24-47EC-BC5B-B153816C8E34}.Release|Any CPU.Build.0 = Release|Any CPU
		{200EF910-EE84-46C2-B656-DDDD46EC309A}.Debug|Any CPU.ActiveCfg = Debug|Any CPU
		{200EF910-EE84-46C2-B656-DDDD46EC309A}.Debug|Any CPU.Build.0 = Debug|Any CPU
		{200EF910-EE84-46C2-B656-DDDD46EC309A}.Release|Any CPU.ActiveCfg = Release|Any CPU
		{200EF910-EE84-46C2-B656-DDDD46EC309A}.Release|Any CPU.Build.0 = Release|Any CPU
	EndGlobalSection
	GlobalSection(SolutionProperties) = preSolution
		HideSolutionNode = FALSE
	EndGlobalSection
EndGlobal
